
Microsoft Visual Studio Solution File, Format Version 12.00
# Visual Studio Version 17
VisualStudioVersion = 17.9.34728.123
MinimumVisualStudioVersion = 10.0.40219.1
Project("{2150E333-8FDC-42A3-9474-1A3956D46DE8}") = "Services", "Services", "{8C227E47-CDAC-44C8-B0BF-96C539ADF027}"
EndProject
Project("{2150E333-8FDC-42A3-9474-1A3956D46DE8}") = "Users", "Users", "{86564A09-CB42-4833-A5B3-0338174E4CD6}"
EndProject
Project("{9A19103F-16F7-4668-BE54-9A1E7A4F7556}") = "Users.API", "Services\Users\Users.API\Users.API.csproj", "{E898771E-C0D6-45EE-8136-2DE56227ADD2}"
EndProject
Project("{9A19103F-16F7-4668-BE54-9A1E7A4F7556}") = "Users.Domain", "Services\Users\Users.Domain\Users.Domain.csproj", "{E115CF1D-64AC-4835-B355-F12E75CD870D}"
EndProject
Project("{9A19103F-16F7-4668-BE54-9A1E7A4F7556}") = "Users.Persistance", "Services\Users\Users.Persistance\Users.Persistance.csproj", "{FDB1DF9B-94E1-404C-B0DB-4B71D70B62B2}"
EndProject
Project("{9A19103F-16F7-4668-BE54-9A1E7A4F7556}") = "Users.Infrastructure", "Services\Users\Users.Infrastructure\Users.Infrastructure.csproj", "{298B76B6-53A7-4AAB-A196-579B54C98434}"
EndProject
Project("{9A19103F-16F7-4668-BE54-9A1E7A4F7556}") = "Users.Application", "Services\Users\Users.Application\Users.Application.csproj", "{1C02BEB3-9437-43B8-AA2F-5B8D7BF17D39}"
EndProject
Project("{2150E333-8FDC-42A3-9474-1A3956D46DE8}") = "Events", "Events", "{22E515F4-00B7-4DCC-90B4-8D3239DFBE7E}"
EndProject
Project("{9A19103F-16F7-4668-BE54-9A1E7A4F7556}") = "Events.API", "Services\Events\Events.API\Events.API.csproj", "{735D5A36-F392-4FE3-8116-978B5E073FE6}"
EndProject
Project("{9A19103F-16F7-4668-BE54-9A1E7A4F7556}") = "Events.Domain", "Services\Events\Events.Domain\Events.Domain.csproj", "{1D90AC0E-EFA1-42C1-BDEC-D820FC23CFC8}"
EndProject
Project("{9A19103F-16F7-4668-BE54-9A1E7A4F7556}") = "Events.Application", "Services\Events\Events.Application\Events.Application.csproj", "{95FA855B-F133-4CD0-B36F-B906017CD8C6}"
EndProject
Project("{9A19103F-16F7-4668-BE54-9A1E7A4F7556}") = "Events.Infrastructure", "Services\Events\Events.Infrastructure\Events.Infrastructure.csproj", "{B68F2893-9199-4C08-AC87-286468867925}"
EndProject
Project("{9A19103F-16F7-4668-BE54-9A1E7A4F7556}") = "Events.Persistance", "Services\Events\Events.Persistance\Events.Persistance.csproj", "{142099FA-0011-415B-B923-75DBB9E9B977}"
EndProject
Project("{2150E333-8FDC-42A3-9474-1A3956D46DE8}") = "Notification", "Notification", "{7B901941-9676-4A11-B924-4DF29EEFAB86}"
EndProject
Project("{9A19103F-16F7-4668-BE54-9A1E7A4F7556}") = "Notifications.Domain", "Services\Notification\Notification.Domain\Notifications.Domain.csproj", "{334DE394-CA57-4F5E-A1F7-A9B36C9FF836}"
EndProject
Project("{9A19103F-16F7-4668-BE54-9A1E7A4F7556}") = "Notifications.Application", "Services\Notification\Notification.Application\Notifications.Application.csproj", "{1E6F0036-59CA-4B45-948A-B9E38D48D9B9}"
EndProject
Project("{2150E333-8FDC-42A3-9474-1A3956D46DE8}") = "CommonFiles", "CommonFiles", "{336F65D4-72E1-4331-A564-22F9242C1653}"
EndProject
Project("{9A19103F-16F7-4668-BE54-9A1E7A4F7556}") = "CommonFiles.Auth", "CommonFiles\CommonFiles.Auth\CommonFiles.Auth.csproj", "{50E8B178-A8D8-478C-9547-965C2977BE96}"
EndProject
Project("{9A19103F-16F7-4668-BE54-9A1E7A4F7556}") = "CommonFiles.Messaging", "CommonFiles\CommonFiles.Messaging\CommonFiles.Messaging.csproj", "{603DD2F4-7B47-4B37-8728-639D6E659E81}"
EndProject
Project("{9A19103F-16F7-4668-BE54-9A1E7A4F7556}") = "Notifications.API", "Services\Notification\Notifications.API\Notifications.API.csproj", "{3C7B0B51-0EE7-41F7-B475-31FE2114870E}"
EndProject
Project("{9A19103F-16F7-4668-BE54-9A1E7A4F7556}") = "Notifications.Persistance", "Services\Notification\Notifications.Persistance\Notifications.Persistance.csproj", "{2F3F9080-BF11-43C3-8BBE-8671F182813D}"
EndProject
Project("{9A19103F-16F7-4668-BE54-9A1E7A4F7556}") = "Notifications.Infrastructure", "Services\Notification\Notification.Infrastructure\Notifications.Infrastructure.csproj", "{AE6CB3C4-3C02-4960-A47D-2651316BB1BB}"
EndProject
Global
	GlobalSection(SolutionConfigurationPlatforms) = preSolution
		Debug|Any CPU = Debug|Any CPU
		Release|Any CPU = Release|Any CPU
	EndGlobalSection
	GlobalSection(ProjectConfigurationPlatforms) = postSolution
		{E898771E-C0D6-45EE-8136-2DE56227ADD2}.Debug|Any CPU.ActiveCfg = Debug|Any CPU
		{E898771E-C0D6-45EE-8136-2DE56227ADD2}.Debug|Any CPU.Build.0 = Debug|Any CPU
		{E898771E-C0D6-45EE-8136-2DE56227ADD2}.Release|Any CPU.ActiveCfg = Release|Any CPU
		{E898771E-C0D6-45EE-8136-2DE56227ADD2}.Release|Any CPU.Build.0 = Release|Any CPU
		{E115CF1D-64AC-4835-B355-F12E75CD870D}.Debug|Any CPU.ActiveCfg = Debug|Any CPU
		{E115CF1D-64AC-4835-B355-F12E75CD870D}.Debug|Any CPU.Build.0 = Debug|Any CPU
		{E115CF1D-64AC-4835-B355-F12E75CD870D}.Release|Any CPU.ActiveCfg = Release|Any CPU
		{E115CF1D-64AC-4835-B355-F12E75CD870D}.Release|Any CPU.Build.0 = Release|Any CPU
		{FDB1DF9B-94E1-404C-B0DB-4B71D70B62B2}.Debug|Any CPU.ActiveCfg = Debug|Any CPU
		{FDB1DF9B-94E1-404C-B0DB-4B71D70B62B2}.Debug|Any CPU.Build.0 = Debug|Any CPU
		{FDB1DF9B-94E1-404C-B0DB-4B71D70B62B2}.Release|Any CPU.ActiveCfg = Release|Any CPU
		{FDB1DF9B-94E1-404C-B0DB-4B71D70B62B2}.Release|Any CPU.Build.0 = Release|Any CPU
		{298B76B6-53A7-4AAB-A196-579B54C98434}.Debug|Any CPU.ActiveCfg = Debug|Any CPU
		{298B76B6-53A7-4AAB-A196-579B54C98434}.Debug|Any CPU.Build.0 = Debug|Any CPU
		{298B76B6-53A7-4AAB-A196-579B54C98434}.Release|Any CPU.ActiveCfg = Release|Any CPU
		{298B76B6-53A7-4AAB-A196-579B54C98434}.Release|Any CPU.Build.0 = Release|Any CPU
		{1C02BEB3-9437-43B8-AA2F-5B8D7BF17D39}.Debug|Any CPU.ActiveCfg = Debug|Any CPU
		{1C02BEB3-9437-43B8-AA2F-5B8D7BF17D39}.Debug|Any CPU.Build.0 = Debug|Any CPU
		{1C02BEB3-9437-43B8-AA2F-5B8D7BF17D39}.Release|Any CPU.ActiveCfg = Release|Any CPU
		{1C02BEB3-9437-43B8-AA2F-5B8D7BF17D39}.Release|Any CPU.Build.0 = Release|Any CPU
		{735D5A36-F392-4FE3-8116-978B5E073FE6}.Debug|Any CPU.ActiveCfg = Debug|Any CPU
		{735D5A36-F392-4FE3-8116-978B5E073FE6}.Debug|Any CPU.Build.0 = Debug|Any CPU
		{735D5A36-F392-4FE3-8116-978B5E073FE6}.Release|Any CPU.ActiveCfg = Release|Any CPU
		{735D5A36-F392-4FE3-8116-978B5E073FE6}.Release|Any CPU.Build.0 = Release|Any CPU
		{1D90AC0E-EFA1-42C1-BDEC-D820FC23CFC8}.Debug|Any CPU.ActiveCfg = Debug|Any CPU
		{1D90AC0E-EFA1-42C1-BDEC-D820FC23CFC8}.Debug|Any CPU.Build.0 = Debug|Any CPU
		{1D90AC0E-EFA1-42C1-BDEC-D820FC23CFC8}.Release|Any CPU.ActiveCfg = Release|Any CPU
		{1D90AC0E-EFA1-42C1-BDEC-D820FC23CFC8}.Release|Any CPU.Build.0 = Release|Any CPU
		{95FA855B-F133-4CD0-B36F-B906017CD8C6}.Debug|Any CPU.ActiveCfg = Debug|Any CPU
		{95FA855B-F133-4CD0-B36F-B906017CD8C6}.Debug|Any CPU.Build.0 = Debug|Any CPU
		{95FA855B-F133-4CD0-B36F-B906017CD8C6}.Release|Any CPU.ActiveCfg = Release|Any CPU
		{95FA855B-F133-4CD0-B36F-B906017CD8C6}.Release|Any CPU.Build.0 = Release|Any CPU
		{B68F2893-9199-4C08-AC87-286468867925}.Debug|Any CPU.ActiveCfg = Debug|Any CPU
		{B68F2893-9199-4C08-AC87-286468867925}.Debug|Any CPU.Build.0 = Debug|Any CPU
		{B68F2893-9199-4C08-AC87-286468867925}.Release|Any CPU.ActiveCfg = Release|Any CPU
		{B68F2893-9199-4C08-AC87-286468867925}.Release|Any CPU.Build.0 = Release|Any CPU
		{142099FA-0011-415B-B923-75DBB9E9B977}.Debug|Any CPU.ActiveCfg = Debug|Any CPU
		{142099FA-0011-415B-B923-75DBB9E9B977}.Debug|Any CPU.Build.0 = Debug|Any CPU
		{142099FA-0011-415B-B923-75DBB9E9B977}.Release|Any CPU.ActiveCfg = Release|Any CPU
		{142099FA-0011-415B-B923-75DBB9E9B977}.Release|Any CPU.Build.0 = Release|Any CPU
		{334DE394-CA57-4F5E-A1F7-A9B36C9FF836}.Debug|Any CPU.ActiveCfg = Debug|Any CPU
		{334DE394-CA57-4F5E-A1F7-A9B36C9FF836}.Debug|Any CPU.Build.0 = Debug|Any CPU
		{334DE394-CA57-4F5E-A1F7-A9B36C9FF836}.Release|Any CPU.ActiveCfg = Release|Any CPU
		{334DE394-CA57-4F5E-A1F7-A9B36C9FF836}.Release|Any CPU.Build.0 = Release|Any CPU
		{1E6F0036-59CA-4B45-948A-B9E38D48D9B9}.Debug|Any CPU.ActiveCfg = Debug|Any CPU
		{1E6F0036-59CA-4B45-948A-B9E38D48D9B9}.Debug|Any CPU.Build.0 = Debug|Any CPU
		{1E6F0036-59CA-4B45-948A-B9E38D48D9B9}.Release|Any CPU.ActiveCfg = Release|Any CPU
		{1E6F0036-59CA-4B45-948A-B9E38D48D9B9}.Release|Any CPU.Build.0 = Release|Any CPU
		{50E8B178-A8D8-478C-9547-965C2977BE96}.Debug|Any CPU.ActiveCfg = Debug|Any CPU
		{50E8B178-A8D8-478C-9547-965C2977BE96}.Debug|Any CPU.Build.0 = Debug|Any CPU
		{50E8B178-A8D8-478C-9547-965C2977BE96}.Release|Any CPU.ActiveCfg = Release|Any CPU
		{50E8B178-A8D8-478C-9547-965C2977BE96}.Release|Any CPU.Build.0 = Release|Any CPU
		{603DD2F4-7B47-4B37-8728-639D6E659E81}.Debug|Any CPU.ActiveCfg = Debug|Any CPU
		{603DD2F4-7B47-4B37-8728-639D6E659E81}.Debug|Any CPU.Build.0 = Debug|Any CPU
		{603DD2F4-7B47-4B37-8728-639D6E659E81}.Release|Any CPU.ActiveCfg = Release|Any CPU
		{603DD2F4-7B47-4B37-8728-639D6E659E81}.Release|Any CPU.Build.0 = Release|Any CPU
		{3C7B0B51-0EE7-41F7-B475-31FE2114870E}.Debug|Any CPU.ActiveCfg = Debug|Any CPU
		{3C7B0B51-0EE7-41F7-B475-31FE2114870E}.Debug|Any CPU.Build.0 = Debug|Any CPU
		{3C7B0B51-0EE7-41F7-B475-31FE2114870E}.Release|Any CPU.ActiveCfg = Release|Any CPU
		{3C7B0B51-0EE7-41F7-B475-31FE2114870E}.Release|Any CPU.Build.0 = Release|Any CPU
		{2F3F9080-BF11-43C3-8BBE-8671F182813D}.Debug|Any CPU.ActiveCfg = Debug|Any CPU
		{2F3F9080-BF11-43C3-8BBE-8671F182813D}.Debug|Any CPU.Build.0 = Debug|Any CPU
		{2F3F9080-BF11-43C3-8BBE-8671F182813D}.Release|Any CPU.ActiveCfg = Release|Any CPU
		{2F3F9080-BF11-43C3-8BBE-8671F182813D}.Release|Any CPU.Build.0 = Release|Any CPU
		{AE6CB3C4-3C02-4960-A47D-2651316BB1BB}.Debug|Any CPU.ActiveCfg = Debug|Any CPU
		{AE6CB3C4-3C02-4960-A47D-2651316BB1BB}.Debug|Any CPU.Build.0 = Debug|Any CPU
		{AE6CB3C4-3C02-4960-A47D-2651316BB1BB}.Release|Any CPU.ActiveCfg = Release|Any CPU
		{AE6CB3C4-3C02-4960-A47D-2651316BB1BB}.Release|Any CPU.Build.0 = Release|Any CPU
	EndGlobalSection
	GlobalSection(SolutionProperties) = preSolution
		HideSolutionNode = FALSE
	EndGlobalSection
	GlobalSection(NestedProjects) = preSolution
		{86564A09-CB42-4833-A5B3-0338174E4CD6} = {8C227E47-CDAC-44C8-B0BF-96C539ADF027}
		{E898771E-C0D6-45EE-8136-2DE56227ADD2} = {86564A09-CB42-4833-A5B3-0338174E4CD6}
		{E115CF1D-64AC-4835-B355-F12E75CD870D} = {86564A09-CB42-4833-A5B3-0338174E4CD6}
		{FDB1DF9B-94E1-404C-B0DB-4B71D70B62B2} = {86564A09-CB42-4833-A5B3-0338174E4CD6}
		{298B76B6-53A7-4AAB-A196-579B54C98434} = {86564A09-CB42-4833-A5B3-0338174E4CD6}
		{1C02BEB3-9437-43B8-AA2F-5B8D7BF17D39} = {86564A09-CB42-4833-A5B3-0338174E4CD6}
		{22E515F4-00B7-4DCC-90B4-8D3239DFBE7E} = {8C227E47-CDAC-44C8-B0BF-96C539ADF027}
		{735D5A36-F392-4FE3-8116-978B5E073FE6} = {22E515F4-00B7-4DCC-90B4-8D3239DFBE7E}
		{1D90AC0E-EFA1-42C1-BDEC-D820FC23CFC8} = {22E515F4-00B7-4DCC-90B4-8D3239DFBE7E}
		{95FA855B-F133-4CD0-B36F-B906017CD8C6} = {22E515F4-00B7-4DCC-90B4-8D3239DFBE7E}
		{B68F2893-9199-4C08-AC87-286468867925} = {22E515F4-00B7-4DCC-90B4-8D3239DFBE7E}
		{142099FA-0011-415B-B923-75DBB9E9B977} = {22E515F4-00B7-4DCC-90B4-8D3239DFBE7E}
		{7B901941-9676-4A11-B924-4DF29EEFAB86} = {8C227E47-CDAC-44C8-B0BF-96C539ADF027}
		{334DE394-CA57-4F5E-A1F7-A9B36C9FF836} = {7B901941-9676-4A11-B924-4DF29EEFAB86}
		{1E6F0036-59CA-4B45-948A-B9E38D48D9B9} = {7B901941-9676-4A11-B924-4DF29EEFAB86}
		{50E8B178-A8D8-478C-9547-965C2977BE96} = {336F65D4-72E1-4331-A564-22F9242C1653}
		{603DD2F4-7B47-4B37-8728-639D6E659E81} = {336F65D4-72E1-4331-A564-22F9242C1653}
		{3C7B0B51-0EE7-41F7-B475-31FE2114870E} = {7B901941-9676-4A11-B924-4DF29EEFAB86}
		{2F3F9080-BF11-43C3-8BBE-8671F182813D} = {7B901941-9676-4A11-B924-4DF29EEFAB86}
		{AE6CB3C4-3C02-4960-A47D-2651316BB1BB} = {7B901941-9676-4A11-B924-4DF29EEFAB86}
	EndGlobalSection
	GlobalSection(ExtensibilityGlobals) = postSolution
		SolutionGuid = {EF656183-A019-441C-AAA7-08E534D272D7}
	EndGlobalSection
EndGlobal
